
Microsoft Visual Studio Solution File, Format Version 12.00
# Visual Studio Version 17
VisualStudioVersion = 17.7.34031.279
MinimumVisualStudioVersion = 10.0.40219.1
Project("{FAE04EC0-301F-11D3-BF4B-00C04F79EFBC}") = "KITE", "KITE\KITE.csproj", "{D905CF66-DCD8-49FA-B0EE-6771E766E727}"
EndProject
Project("{FAE04EC0-301F-11D3-BF4B-00C04F79EFBC}") = "KITE_REPORT_TEST", "KITE_REPORT_TEST\KITE_REPORT_TEST.csproj", "{3BF751A8-5BD0-4284-BA2A-BE184D37ED5C}"
EndProject
Project("{F14B399A-7131-4C87-9E4B-1186C45EF12D}") = "KITE_Report", "KITE_Report\KITE_Report.rptproj", "{BCD57E7A-30A6-465A-B8C0-90EAD0A30D9C}"
EndProject
Global
	GlobalSection(SolutionConfigurationPlatforms) = preSolution
		Debug|Any CPU = Debug|Any CPU
		DebugLocal|Any CPU = DebugLocal|Any CPU
		Release|Any CPU = Release|Any CPU
	EndGlobalSection
	GlobalSection(ProjectConfigurationPlatforms) = postSolution
		{D905CF66-DCD8-49FA-B0EE-6771E766E727}.Debug|Any CPU.ActiveCfg = Debug|Any CPU
		{D905CF66-DCD8-49FA-B0EE-6771E766E727}.Debug|Any CPU.Build.0 = Debug|Any CPU
		{D905CF66-DCD8-49FA-B0EE-6771E766E727}.DebugLocal|Any CPU.ActiveCfg = Debug|Any CPU
		{D905CF66-DCD8-49FA-B0EE-6771E766E727}.DebugLocal|Any CPU.Build.0 = Debug|Any CPU
		{D905CF66-DCD8-49FA-B0EE-6771E766E727}.Release|Any CPU.ActiveCfg = Release|Any CPU
		{D905CF66-DCD8-49FA-B0EE-6771E766E727}.Release|Any CPU.Build.0 = Release|Any CPU
		{3BF751A8-5BD0-4284-BA2A-BE184D37ED5C}.Debug|Any CPU.ActiveCfg = Debug|Any CPU
		{3BF751A8-5BD0-4284-BA2A-BE184D37ED5C}.Debug|Any CPU.Build.0 = Debug|Any CPU
		{3BF751A8-5BD0-4284-BA2A-BE184D37ED5C}.DebugLocal|Any CPU.ActiveCfg = Debug|Any CPU
		{3BF751A8-5BD0-4284-BA2A-BE184D37ED5C}.Release|Any CPU.ActiveCfg = Release|Any CPU
		{3BF751A8-5BD0-4284-BA2A-BE184D37ED5C}.Release|Any CPU.Build.0 = Release|Any CPU
		{BCD57E7A-30A6-465A-B8C0-90EAD0A30D9C}.Debug|Any CPU.ActiveCfg = Debug
		{BCD57E7A-30A6-465A-B8C0-90EAD0A30D9C}.Debug|Any CPU.Build.0 = Debug
		{BCD57E7A-30A6-465A-B8C0-90EAD0A30D9C}.Debug|Any CPU.Deploy.0 = Debug
		{BCD57E7A-30A6-465A-B8C0-90EAD0A30D9C}.DebugLocal|Any CPU.ActiveCfg = DebugLocal
		{BCD57E7A-30A6-465A-B8C0-90EAD0A30D9C}.DebugLocal|Any CPU.Build.0 = DebugLocal
		{BCD57E7A-30A6-465A-B8C0-90EAD0A30D9C}.Release|Any CPU.ActiveCfg = Release
		{BCD57E7A-30A6-465A-B8C0-90EAD0A30D9C}.Release|Any CPU.Build.0 = Release
		{BCD57E7A-30A6-465A-B8C0-90EAD0A30D9C}.Release|Any CPU.Deploy.0 = Release
	EndGlobalSection
	GlobalSection(SolutionProperties) = preSolution
		HideSolutionNode = FALSE
	EndGlobalSection
	GlobalSection(ExtensibilityGlobals) = postSolution
		SolutionGuid = {79FF41C4-8889-4AC0-B689-D55133D6258F}
	EndGlobalSection
EndGlobal
